
Microsoft Visual Studio Solution File, Format Version 12.00
# Visual Studio Version 17
VisualStudioVersion = 17.9.34728.123
MinimumVisualStudioVersion = 10.0.40219.1
Project("{9A19103F-16F7-4668-BE54-9A1E7A4F7556}") = "ShortGuid", "ShortGuid\ShortGuid.csproj", "{476E9C43-3B10-47B7-B62D-FFD52C699AC3}"
EndProject
Project("{9A19103F-16F7-4668-BE54-9A1E7A4F7556}") = "Tests.ShortGuid", "Tests.ShortGuid\Tests.ShortGuid.csproj", "{9D89B60F-B110-4051-BAFC-BA846A6872F3}"
EndProject
Global
	GlobalSection(SolutionConfigurationPlatforms) = preSolution
		Debug|Any CPU = Debug|Any CPU
		Release|Any CPU = Release|Any CPU
	EndGlobalSection
	GlobalSection(ProjectConfigurationPlatforms) = postSolution
		{476E9C43-3B10-47B7-B62D-FFD52C699AC3}.Debug|Any CPU.ActiveCfg = Debug|Any CPU
		{476E9C43-3B10-47B7-B62D-FFD52C699AC3}.Debug|Any CPU.Build.0 = Debug|Any CPU
		{476E9C43-3B10-47B7-B62D-FFD52C699AC3}.Release|Any CPU.ActiveCfg = Release|Any CPU
		{476E9C43-3B10-47B7-B62D-FFD52C699AC3}.Release|Any CPU.Build.0 = Release|Any CPU
		{9D89B60F-B110-4051-BAFC-BA846A6872F3}.Debug|Any CPU.ActiveCfg = Debug|Any CPU
		{9D89B60F-B110-4051-BAFC-BA846A6872F3}.Debug|Any CPU.Build.0 = Debug|Any CPU
		{9D89B60F-B110-4051-BAFC-BA846A6872F3}.Release|Any CPU.ActiveCfg = Release|Any CPU
		{9D89B60F-B110-4051-BAFC-BA846A6872F3}.Release|Any CPU.Build.0 = Release|Any CPU
	EndGlobalSection
	GlobalSection(SolutionProperties) = preSolution
		HideSolutionNode = FALSE
	EndGlobalSection
	GlobalSection(ExtensibilityGlobals) = postSolution
		SolutionGuid = {AEEB97F1-76F5-45C1-8096-C37934E69165}
	EndGlobalSection
EndGlobal
