
Microsoft Visual Studio Solution File, Format Version 12.00
# Visual Studio Version 17
VisualStudioVersion = 17.9.34902.65
MinimumVisualStudioVersion = 10.0.40219.1
Project("{9A19103F-16F7-4668-BE54-9A1E7A4F7556}") = "SrtGuid", "SrtGuid\SrtGuid.csproj", "{7517E86E-4D44-4314-8CB2-639538A9F453}"
EndProject
Project("{FAE04EC0-301F-11D3-BF4B-00C04F79EFBC}") = "Tests.SrtGuid", "Tests.SrtGuid\Tests.SrtGuid.csproj", "{37444931-7F6B-47A3-996F-E68B77874D62}"
EndProject
Global
	GlobalSection(SolutionConfigurationPlatforms) = preSolution
		Debug|Any CPU = Debug|Any CPU
		Release|Any CPU = Release|Any CPU
	EndGlobalSection
	GlobalSection(ProjectConfigurationPlatforms) = postSolution
		{7517E86E-4D44-4314-8CB2-639538A9F453}.Debug|Any CPU.ActiveCfg = Debug|Any CPU
		{7517E86E-4D44-4314-8CB2-639538A9F453}.Debug|Any CPU.Build.0 = Debug|Any CPU
		{7517E86E-4D44-4314-8CB2-639538A9F453}.Release|Any CPU.ActiveCfg = Release|Any CPU
		{7517E86E-4D44-4314-8CB2-639538A9F453}.Release|Any CPU.Build.0 = Release|Any CPU
		{37444931-7F6B-47A3-996F-E68B77874D62}.Debug|Any CPU.ActiveCfg = Debug|Any CPU
		{37444931-7F6B-47A3-996F-E68B77874D62}.Debug|Any CPU.Build.0 = Debug|Any CPU
		{37444931-7F6B-47A3-996F-E68B77874D62}.Release|Any CPU.ActiveCfg = Release|Any CPU
		{37444931-7F6B-47A3-996F-E68B77874D62}.Release|Any CPU.Build.0 = Release|Any CPU
	EndGlobalSection
	GlobalSection(SolutionProperties) = preSolution
		HideSolutionNode = FALSE
	EndGlobalSection
	GlobalSection(ExtensibilityGlobals) = postSolution
		SolutionGuid = {F35B2075-A336-414D-82AF-482001377B0D}
	EndGlobalSection
EndGlobal
